// !$*UTF8*$!
{
	archiveVersion = 1;
	classes = {
	};
	objectVersion = 50;
	objects = {

/* Begin PBXBuildFile section */
		067145CA4F52EDE742842AB9 /* Pods_GitHub.framework in Frameworks */ = {isa = PBXBuildFile; fileRef = 5F659C42C89B15298C3A02ED /* Pods_GitHub.framework */; };
		840F97C7228698BF0007DA16 /* AppDelegate.swift in Sources */ = {isa = PBXBuildFile; fileRef = 840F97C6228698BF0007DA16 /* AppDelegate.swift */; };
		840F97C9228698BF0007DA16 /* ViewController.swift in Sources */ = {isa = PBXBuildFile; fileRef = 840F97C8228698BF0007DA16 /* ViewController.swift */; };
		840F97CC228698BF0007DA16 /* Main.storyboard in Resources */ = {isa = PBXBuildFile; fileRef = 840F97CA228698BF0007DA16 /* Main.storyboard */; };
		840F97CE228698C20007DA16 /* Assets.xcassets in Resources */ = {isa = PBXBuildFile; fileRef = 840F97CD228698C20007DA16 /* Assets.xcassets */; };
		840F97D1228698C20007DA16 /* LaunchScreen.storyboard in Resources */ = {isa = PBXBuildFile; fileRef = 840F97CF228698C20007DA16 /* LaunchScreen.storyboard */; };
		840F97DC228698C20007DA16 /* GitHubTests.swift in Sources */ = {isa = PBXBuildFile; fileRef = 840F97DB228698C20007DA16 /* GitHubTests.swift */; };
		840F97E7228698C20007DA16 /* GitHubUITests.swift in Sources */ = {isa = PBXBuildFile; fileRef = 840F97E6228698C20007DA16 /* GitHubUITests.swift */; };
		840F97F522869ED60007DA16 /* GitHubMainApi.swift in Sources */ = {isa = PBXBuildFile; fileRef = 840F97F422869ED60007DA16 /* GitHubMainApi.swift */; };
		840F97F722869F700007DA16 /* Podfile in Resources */ = {isa = PBXBuildFile; fileRef = 840F97F622869F700007DA16 /* Podfile */; };
		840F97F92286A2020007DA16 /* SearchRepoViewController.swift in Sources */ = {isa = PBXBuildFile; fileRef = 840F97F82286A2020007DA16 /* SearchRepoViewController.swift */; };
		840F97FB2286AFAB0007DA16 /* RepositryModelGit.swift in Sources */ = {isa = PBXBuildFile; fileRef = 840F97FA2286AFAB0007DA16 /* RepositryModelGit.swift */; };
		840F97FD2286C28D0007DA16 /* RepositryCell.xib in Resources */ = {isa = PBXBuildFile; fileRef = 840F97FC2286C28D0007DA16 /* RepositryCell.xib */; };
		840F97FF2286C4060007DA16 /* RespositryCell.swift in Sources */ = {isa = PBXBuildFile; fileRef = 840F97FE2286C4060007DA16 /* RespositryCell.swift */; };
		840F98012286DB5E0007DA16 /* GitLoginController.swift in Sources */ = {isa = PBXBuildFile; fileRef = 840F98002286DB5E0007DA16 /* GitLoginController.swift */; };
		840F98032286DD930007DA16 /* UserModel.swift in Sources */ = {isa = PBXBuildFile; fileRef = 840F98022286DD930007DA16 /* UserModel.swift */; };
		840F98052286E09F0007DA16 /* UserDetailGit.swift in Sources */ = {isa = PBXBuildFile; fileRef = 840F98042286E09F0007DA16 /* UserDetailGit.swift */; };
		840F98072286E9910007DA16 /* UserRepoTableview.swift in Sources */ = {isa = PBXBuildFile; fileRef = 840F98062286E9910007DA16 /* UserRepoTableview.swift */; };
/* End PBXBuildFile section */

/* Begin PBXContainerItemProxy section */
		840F97D8228698C20007DA16 /* PBXContainerItemProxy */ = {
			isa = PBXContainerItemProxy;
			containerPortal = 840F97BB228698BF0007DA16 /* Project object */;
			proxyType = 1;
			remoteGlobalIDString = 840F97C2228698BF0007DA16;
			remoteInfo = GitHub;
		};
		840F97E3228698C20007DA16 /* PBXContainerItemProxy */ = {
			isa = PBXContainerItemProxy;
			containerPortal = 840F97BB228698BF0007DA16 /* Project object */;
			proxyType = 1;
			remoteGlobalIDString = 840F97C2228698BF0007DA16;
			remoteInfo = GitHub;
		};
/* End PBXContainerItemProxy section */

/* Begin PBXFileReference section */
		32665A1078D3DFB5D7597B70 /* Pods-GitHub.debug.xcconfig */ = {isa = PBXFileReference; includeInIndex = 1; lastKnownFileType = text.xcconfig; name = "Pods-GitHub.debug.xcconfig"; path = "Pods/Target Support Files/Pods-GitHub/Pods-GitHub.debug.xcconfig"; sourceTree = "<group>"; };
		5F659C42C89B15298C3A02ED /* Pods_GitHub.framework */ = {isa = PBXFileReference; explicitFileType = wrapper.framework; includeInIndex = 0; path = Pods_GitHub.framework; sourceTree = BUILT_PRODUCTS_DIR; };
		696841B1E2761D179064954C /* Pods-GitHub.release.xcconfig */ = {isa = PBXFileReference; includeInIndex = 1; lastKnownFileType = text.xcconfig; name = "Pods-GitHub.release.xcconfig"; path = "Pods/Target Support Files/Pods-GitHub/Pods-GitHub.release.xcconfig"; sourceTree = "<group>"; };
		840F97C3228698BF0007DA16 /* GitHub.app */ = {isa = PBXFileReference; explicitFileType = wrapper.application; includeInIndex = 0; path = GitHub.app; sourceTree = BUILT_PRODUCTS_DIR; };
		840F97C6228698BF0007DA16 /* AppDelegate.swift */ = {isa = PBXFileReference; lastKnownFileType = sourcecode.swift; path = AppDelegate.swift; sourceTree = "<group>"; };
		840F97C8228698BF0007DA16 /* ViewController.swift */ = {isa = PBXFileReference; lastKnownFileType = sourcecode.swift; path = ViewController.swift; sourceTree = "<group>"; };
		840F97CB228698BF0007DA16 /* Base */ = {isa = PBXFileReference; lastKnownFileType = file.storyboard; name = Base; path = Base.lproj/Main.storyboard; sourceTree = "<group>"; };
		840F97CD228698C20007DA16 /* Assets.xcassets */ = {isa = PBXFileReference; lastKnownFileType = folder.assetcatalog; path = Assets.xcassets; sourceTree = "<group>"; };
		840F97D0228698C20007DA16 /* Base */ = {isa = PBXFileReference; lastKnownFileType = file.storyboard; name = Base; path = Base.lproj/LaunchScreen.storyboard; sourceTree = "<group>"; };
		840F97D2228698C20007DA16 /* Info.plist */ = {isa = PBXFileReference; lastKnownFileType = text.plist.xml; path = Info.plist; sourceTree = "<group>"; };
		840F97D7228698C20007DA16 /* GitHubTests.xctest */ = {isa = PBXFileReference; explicitFileType = wrapper.cfbundle; includeInIndex = 0; path = GitHubTests.xctest; sourceTree = BUILT_PRODUCTS_DIR; };
		840F97DB228698C20007DA16 /* GitHubTests.swift */ = {isa = PBXFileReference; lastKnownFileType = sourcecode.swift; path = GitHubTests.swift; sourceTree = "<group>"; };
		840F97DD228698C20007DA16 /* Info.plist */ = {isa = PBXFileReference; lastKnownFileType = text.plist.xml; path = Info.plist; sourceTree = "<group>"; };
		840F97E2228698C20007DA16 /* GitHubUITests.xctest */ = {isa = PBXFileReference; explicitFileType = wrapper.cfbundle; includeInIndex = 0; path = GitHubUITests.xctest; sourceTree = BUILT_PRODUCTS_DIR; };
		840F97E6228698C20007DA16 /* GitHubUITests.swift */ = {isa = PBXFileReference; lastKnownFileType = sourcecode.swift; path = GitHubUITests.swift; sourceTree = "<group>"; };
		840F97E8228698C20007DA16 /* Info.plist */ = {isa = PBXFileReference; lastKnownFileType = text.plist.xml; path = Info.plist; sourceTree = "<group>"; };
		840F97F422869ED60007DA16 /* GitHubMainApi.swift */ = {isa = PBXFileReference; lastKnownFileType = sourcecode.swift; path = GitHubMainApi.swift; sourceTree = "<group>"; };
		840F97F622869F700007DA16 /* Podfile */ = {isa = PBXFileReference; lastKnownFileType = text; path = Podfile; sourceTree = "<group>"; xcLanguageSpecificationIdentifier = xcode.lang.ruby; };
		840F97F82286A2020007DA16 /* SearchRepoViewController.swift */ = {isa = PBXFileReference; lastKnownFileType = sourcecode.swift; path = SearchRepoViewController.swift; sourceTree = "<group>"; };
		840F97FA2286AFAB0007DA16 /* RepositryModelGit.swift */ = {isa = PBXFileReference; lastKnownFileType = sourcecode.swift; path = RepositryModelGit.swift; sourceTree = "<group>"; };
		840F97FC2286C28D0007DA16 /* RepositryCell.xib */ = {isa = PBXFileReference; lastKnownFileType = file.xib; path = RepositryCell.xib; sourceTree = "<group>"; };
		840F97FE2286C4060007DA16 /* RespositryCell.swift */ = {isa = PBXFileReference; lastKnownFileType = sourcecode.swift; path = RespositryCell.swift; sourceTree = "<group>"; };
		840F98002286DB5E0007DA16 /* GitLoginController.swift */ = {isa = PBXFileReference; lastKnownFileType = sourcecode.swift; path = GitLoginController.swift; sourceTree = "<group>"; };
		840F98022286DD930007DA16 /* UserModel.swift */ = {isa = PBXFileReference; lastKnownFileType = sourcecode.swift; path = UserModel.swift; sourceTree = "<group>"; };
		840F98042286E09F0007DA16 /* UserDetailGit.swift */ = {isa = PBXFileReference; lastKnownFileType = sourcecode.swift; path = UserDetailGit.swift; sourceTree = "<group>"; };
		840F98062286E9910007DA16 /* UserRepoTableview.swift */ = {isa = PBXFileReference; lastKnownFileType = sourcecode.swift; path = UserRepoTableview.swift; sourceTree = "<group>"; };
/* End PBXFileReference section */

/* Begin PBXFrameworksBuildPhase section */
		840F97C0228698BF0007DA16 /* Frameworks */ = {
			isa = PBXFrameworksBuildPhase;
			buildActionMask = 2147483647;
			files = (
				067145CA4F52EDE742842AB9 /* Pods_GitHub.framework in Frameworks */,
			);
			runOnlyForDeploymentPostprocessing = 0;
		};
		840F97D4228698C20007DA16 /* Frameworks */ = {
			isa = PBXFrameworksBuildPhase;
			buildActionMask = 2147483647;
			files = (
			);
			runOnlyForDeploymentPostprocessing = 0;
		};
		840F97DF228698C20007DA16 /* Frameworks */ = {
			isa = PBXFrameworksBuildPhase;
			buildActionMask = 2147483647;
			files = (
			);
			runOnlyForDeploymentPostprocessing = 0;
		};
/* End PBXFrameworksBuildPhase section */

/* Begin PBXGroup section */
		22F21B9E9AEE81A05B8C0653 /* Frameworks */ = {
			isa = PBXGroup;
			children = (
				5F659C42C89B15298C3A02ED /* Pods_GitHub.framework */,
			);
			name = Frameworks;
			sourceTree = "<group>";
		};
		840F97BA228698BF0007DA16 = {
			isa = PBXGroup;
			children = (
				840F97F622869F700007DA16 /* Podfile */,
				840F97C5228698BF0007DA16 /* GitHub */,
				840F97DA228698C20007DA16 /* GitHubTests */,
				840F97E5228698C20007DA16 /* GitHubUITests */,
				840F97C4228698BF0007DA16 /* Products */,
				C8CBD0BF7A29E6FB0C403A47 /* Pods */,
				22F21B9E9AEE81A05B8C0653 /* Frameworks */,
			);
			sourceTree = "<group>";
		};
		840F97C4228698BF0007DA16 /* Products */ = {
			isa = PBXGroup;
			children = (
				840F97C3228698BF0007DA16 /* GitHub.app */,
				840F97D7228698C20007DA16 /* GitHubTests.xctest */,
				840F97E2228698C20007DA16 /* GitHubUITests.xctest */,
			);
			name = Products;
			sourceTree = "<group>";
		};
		840F97C5228698BF0007DA16 /* GitHub */ = {
			isa = PBXGroup;
			children = (
				840F97C6228698BF0007DA16 /* AppDelegate.swift */,
				840F97C8228698BF0007DA16 /* ViewController.swift */,
				840F97CA228698BF0007DA16 /* Main.storyboard */,
				840F98062286E9910007DA16 /* UserRepoTableview.swift */,
				840F98042286E09F0007DA16 /* UserDetailGit.swift */,
				840F98002286DB5E0007DA16 /* GitLoginController.swift */,
				840F97FC2286C28D0007DA16 /* RepositryCell.xib */,
				840F97FE2286C4060007DA16 /* RespositryCell.swift */,
				840F97FA2286AFAB0007DA16 /* RepositryModelGit.swift */,
				840F98022286DD930007DA16 /* UserModel.swift */,
				840F97F82286A2020007DA16 /* SearchRepoViewController.swift */,
				840F97CD228698C20007DA16 /* Assets.xcassets */,
				840F97CF228698C20007DA16 /* LaunchScreen.storyboard */,
				840F97D2228698C20007DA16 /* Info.plist */,
				840F97F422869ED60007DA16 /* GitHubMainApi.swift */,
			);
			path = GitHub;
			sourceTree = "<group>";
		};
		840F97DA228698C20007DA16 /* GitHubTests */ = {
			isa = PBXGroup;
			children = (
				840F97DB228698C20007DA16 /* GitHubTests.swift */,
				840F97DD228698C20007DA16 /* Info.plist */,
			);
			path = GitHubTests;
			sourceTree = "<group>";
		};
		840F97E5228698C20007DA16 /* GitHubUITests */ = {
			isa = PBXGroup;
			children = (
				840F97E6228698C20007DA16 /* GitHubUITests.swift */,
				840F97E8228698C20007DA16 /* Info.plist */,
			);
			path = GitHubUITests;
			sourceTree = "<group>";
		};
		C8CBD0BF7A29E6FB0C403A47 /* Pods */ = {
			isa = PBXGroup;
			children = (
				32665A1078D3DFB5D7597B70 /* Pods-GitHub.debug.xcconfig */,
				696841B1E2761D179064954C /* Pods-GitHub.release.xcconfig */,
			);
			name = Pods;
			sourceTree = "<group>";
		};
/* End PBXGroup section */

/* Begin PBXNativeTarget section */
		840F97C2228698BF0007DA16 /* GitHub */ = {
			isa = PBXNativeTarget;
			buildConfigurationList = 840F97EB228698C20007DA16 /* Build configuration list for PBXNativeTarget "GitHub" */;
			buildPhases = (
				DD4208ECDB716930DDC786D5 /* [CP] Check Pods Manifest.lock */,
				840F97BF228698BF0007DA16 /* Sources */,
				840F97C0228698BF0007DA16 /* Frameworks */,
				840F97C1228698BF0007DA16 /* Resources */,
				322F5F61C205284FBE6C62B3 /* [CP] Embed Pods Frameworks */,
			);
			buildRules = (
			);
			dependencies = (
			);
			name = GitHub;
			productName = GitHub;
			productReference = 840F97C3228698BF0007DA16 /* GitHub.app */;
			productType = "com.apple.product-type.application";
		};
		840F97D6228698C20007DA16 /* GitHubTests */ = {
			isa = PBXNativeTarget;
			buildConfigurationList = 840F97EE228698C20007DA16 /* Build configuration list for PBXNativeTarget "GitHubTests" */;
			buildPhases = (
				840F97D3228698C20007DA16 /* Sources */,
				840F97D4228698C20007DA16 /* Frameworks */,
				840F97D5228698C20007DA16 /* Resources */,
			);
			buildRules = (
			);
			dependencies = (
				840F97D9228698C20007DA16 /* PBXTargetDependency */,
			);
			name = GitHubTests;
			productName = GitHubTests;
			productReference = 840F97D7228698C20007DA16 /* GitHubTests.xctest */;
			productType = "com.apple.product-type.bundle.unit-test";
		};
		840F97E1228698C20007DA16 /* GitHubUITests */ = {
			isa = PBXNativeTarget;
			buildConfigurationList = 840F97F1228698C20007DA16 /* Build configuration list for PBXNativeTarget "GitHubUITests" */;
			buildPhases = (
				840F97DE228698C20007DA16 /* Sources */,
				840F97DF228698C20007DA16 /* Frameworks */,
				840F97E0228698C20007DA16 /* Resources */,
			);
			buildRules = (
			);
			dependencies = (
				840F97E4228698C20007DA16 /* PBXTargetDependency */,
			);
			name = GitHubUITests;
			productName = GitHubUITests;
			productReference = 840F97E2228698C20007DA16 /* GitHubUITests.xctest */;
			productType = "com.apple.product-type.bundle.ui-testing";
		};
/* End PBXNativeTarget section */

/* Begin PBXProject section */
		840F97BB228698BF0007DA16 /* Project object */ = {
			isa = PBXProject;
			attributes = {
				LastSwiftUpdateCheck = 1010;
				LastUpgradeCheck = 1010;
				ORGANIZATIONNAME = admin;
				TargetAttributes = {
					840F97C2228698BF0007DA16 = {
						CreatedOnToolsVersion = 10.1;
					};
					840F97D6228698C20007DA16 = {
						CreatedOnToolsVersion = 10.1;
						TestTargetID = 840F97C2228698BF0007DA16;
					};
					840F97E1228698C20007DA16 = {
						CreatedOnToolsVersion = 10.1;
						TestTargetID = 840F97C2228698BF0007DA16;
					};
				};
			};
			buildConfigurationList = 840F97BE228698BF0007DA16 /* Build configuration list for PBXProject "GitHub" */;
			compatibilityVersion = "Xcode 9.3";
			developmentRegion = en;
			hasScannedForEncodings = 0;
			knownRegions = (
				en,
				Base,
			);
			mainGroup = 840F97BA228698BF0007DA16;
			productRefGroup = 840F97C4228698BF0007DA16 /* Products */;
			projectDirPath = "";
			projectRoot = "";
			targets = (
				840F97C2228698BF0007DA16 /* GitHub */,
				840F97D6228698C20007DA16 /* GitHubTests */,
				840F97E1228698C20007DA16 /* GitHubUITests */,
			);
		};
/* End PBXProject section */

/* Begin PBXResourcesBuildPhase section */
		840F97C1228698BF0007DA16 /* Resources */ = {
			isa = PBXResourcesBuildPhase;
			buildActionMask = 2147483647;
			files = (
				840F97D1228698C20007DA16 /* LaunchScreen.storyboard in Resources */,
				840F97CE228698C20007DA16 /* Assets.xcassets in Resources */,
				840F97FD2286C28D0007DA16 /* RepositryCell.xib in Resources */,
				840F97F722869F700007DA16 /* Podfile in Resources */,
				840F97CC228698BF0007DA16 /* Main.storyboard in Resources */,
			);
			runOnlyForDeploymentPostprocessing = 0;
		};
		840F97D5228698C20007DA16 /* Resources */ = {
			isa = PBXResourcesBuildPhase;
			buildActionMask = 2147483647;
			files = (
			);
			runOnlyForDeploymentPostprocessing = 0;
		};
		840F97E0228698C20007DA16 /* Resources */ = {
			isa = PBXResourcesBuildPhase;
			buildActionMask = 2147483647;
			files = (
			);
			runOnlyForDeploymentPostprocessing = 0;
		};
/* End PBXResourcesBuildPhase section */

/* Begin PBXShellScriptBuildPhase section */
		322F5F61C205284FBE6C62B3 /* [CP] Embed Pods Frameworks */ = {
			isa = PBXShellScriptBuildPhase;
			buildActionMask = 2147483647;
			files = (
			);
			inputPaths = (
				"${SRCROOT}/Pods/Target Support Files/Pods-GitHub/Pods-GitHub-frameworks.sh",
				"${BUILT_PRODUCTS_DIR}/Alamofire/Alamofire.framework",
				"${BUILT_PRODUCTS_DIR}/AlamofireNetworkActivityIndicator/AlamofireNetworkActivityIndicator.framework",
				"${BUILT_PRODUCTS_DIR}/SDWebImage/SDWebImage.framework",
				"${BUILT_PRODUCTS_DIR}/SkyFloatingLabelTextField/SkyFloatingLabelTextField.framework",
				"${BUILT_PRODUCTS_DIR}/SwiftyJSON/SwiftyJSON.framework",
			);
			name = "[CP] Embed Pods Frameworks";
			outputPaths = (
				"${TARGET_BUILD_DIR}/${FRAMEWORKS_FOLDER_PATH}/Alamofire.framework",
				"${TARGET_BUILD_DIR}/${FRAMEWORKS_FOLDER_PATH}/AlamofireNetworkActivityIndicator.framework",
				"${TARGET_BUILD_DIR}/${FRAMEWORKS_FOLDER_PATH}/SDWebImage.framework",
				"${TARGET_BUILD_DIR}/${FRAMEWORKS_FOLDER_PATH}/SkyFloatingLabelTextField.framework",
				"${TARGET_BUILD_DIR}/${FRAMEWORKS_FOLDER_PATH}/SwiftyJSON.framework",
			);
			runOnlyForDeploymentPostprocessing = 0;
			shellPath = /bin/sh;
			shellScript = "\"${SRCROOT}/Pods/Target Support Files/Pods-GitHub/Pods-GitHub-frameworks.sh\"\n";
			showEnvVarsInLog = 0;
		};
		DD4208ECDB716930DDC786D5 /* [CP] Check Pods Manifest.lock */ = {
			isa = PBXShellScriptBuildPhase;
			buildActionMask = 2147483647;
			files = (
			);
			inputPaths = (
				"${PODS_PODFILE_DIR_PATH}/Podfile.lock",
				"${PODS_ROOT}/Manifest.lock",
			);
			name = "[CP] Check Pods Manifest.lock";
			outputPaths = (
				"$(DERIVED_FILE_DIR)/Pods-GitHub-checkManifestLockResult.txt",
			);
			runOnlyForDeploymentPostprocessing = 0;
			shellPath = /bin/sh;
			shellScript = "diff \"${PODS_PODFILE_DIR_PATH}/Podfile.lock\" \"${PODS_ROOT}/Manifest.lock\" > /dev/null\nif [ $? != 0 ] ; then\n    # print error to STDERR\n    echo \"error: The sandbox is not in sync with the Podfile.lock. Run 'pod install' or update your CocoaPods installation.\" >&2\n    exit 1\nfi\n# This output is used by Xcode 'outputs' to avoid re-running this script phase.\necho \"SUCCESS\" > \"${SCRIPT_OUTPUT_FILE_0}\"\n";
			showEnvVarsInLog = 0;
		};
/* End PBXShellScriptBuildPhase section */

/* Begin PBXSourcesBuildPhase section */
		840F97BF228698BF0007DA16 /* Sources */ = {
			isa = PBXSourcesBuildPhase;
			buildActionMask = 2147483647;
			files = (
				840F97F92286A2020007DA16 /* SearchRepoViewController.swift in Sources */,
				840F97FB2286AFAB0007DA16 /* RepositryModelGit.swift in Sources */,
				840F98072286E9910007DA16 /* UserRepoTableview.swift in Sources */,
				840F98052286E09F0007DA16 /* UserDetailGit.swift in Sources */,
				840F98032286DD930007DA16 /* UserModel.swift in Sources */,
				840F97F522869ED60007DA16 /* GitHubMainApi.swift in Sources */,
				840F97C9228698BF0007DA16 /* ViewController.swift in Sources */,
				840F98012286DB5E0007DA16 /* GitLoginController.swift in Sources */,
				840F97C7228698BF0007DA16 /* AppDelegate.swift in Sources */,
				840F97FF2286C4060007DA16 /* RespositryCell.swift in Sources */,
			);
			runOnlyForDeploymentPostprocessing = 0;
		};
		840F97D3228698C20007DA16 /* Sources */ = {
			isa = PBXSourcesBuildPhase;
			buildActionMask = 2147483647;
			files = (
				840F97DC228698C20007DA16 /* GitHubTests.swift in Sources */,
			);
			runOnlyForDeploymentPostprocessing = 0;
		};
		840F97DE228698C20007DA16 /* Sources */ = {
			isa = PBXSourcesBuildPhase;
			buildActionMask = 2147483647;
			files = (
				840F97E7228698C20007DA16 /* GitHubUITests.swift in Sources */,
			);
			runOnlyForDeploymentPostprocessing = 0;
		};
/* End PBXSourcesBuildPhase section */

/* Begin PBXTargetDependency section */
		840F97D9228698C20007DA16 /* PBXTargetDependency */ = {
			isa = PBXTargetDependency;
			target = 840F97C2228698BF0007DA16 /* GitHub */;
			targetProxy = 840F97D8228698C20007DA16 /* PBXContainerItemProxy */;
		};
		840F97E4228698C20007DA16 /* PBXTargetDependency */ = {
			isa = PBXTargetDependency;
			target = 840F97C2228698BF0007DA16 /* GitHub */;
			targetProxy = 840F97E3228698C20007DA16 /* PBXContainerItemProxy */;
		};
/* End PBXTargetDependency section */

/* Begin PBXVariantGroup section */
		840F97CA228698BF0007DA16 /* Main.storyboard */ = {
			isa = PBXVariantGroup;
			children = (
				840F97CB228698BF0007DA16 /* Base */,
			);
			name = Main.storyboard;
			sourceTree = "<group>";
		};
		840F97CF228698C20007DA16 /* LaunchScreen.storyboard */ = {
			isa = PBXVariantGroup;
			children = (
				840F97D0228698C20007DA16 /* Base */,
			);
			name = LaunchScreen.storyboard;
			sourceTree = "<group>";
		};
/* End PBXVariantGroup section */

/* Begin XCBuildConfiguration section */
		840F97E9228698C20007DA16 /* Debug */ = {
			isa = XCBuildConfiguration;
			buildSettings = {
				ALWAYS_SEARCH_USER_PATHS = NO;
				CLANG_ANALYZER_NONNULL = YES;
				CLANG_ANALYZER_NUMBER_OBJECT_CONVERSION = YES_AGGRESSIVE;
				CLANG_CXX_LANGUAGE_STANDARD = "gnu++14";
				CLANG_CXX_LIBRARY = "libc++";
				CLANG_ENABLE_MODULES = YES;
				CLANG_ENABLE_OBJC_ARC = YES;
				CLANG_ENABLE_OBJC_WEAK = YES;
				CLANG_WARN_BLOCK_CAPTURE_AUTORELEASING = YES;
				CLANG_WARN_BOOL_CONVERSION = YES;
				CLANG_WARN_COMMA = YES;
				CLANG_WARN_CONSTANT_CONVERSION = YES;
				CLANG_WARN_DEPRECATED_OBJC_IMPLEMENTATIONS = YES;
				CLANG_WARN_DIRECT_OBJC_ISA_USAGE = YES_ERROR;
				CLANG_WARN_DOCUMENTATION_COMMENTS = YES;
				CLANG_WARN_EMPTY_BODY = YES;
				CLANG_WARN_ENUM_CONVERSION = YES;
				CLANG_WARN_INFINITE_RECURSION = YES;
				CLANG_WARN_INT_CONVERSION = YES;
				CLANG_WARN_NON_LITERAL_NULL_CONVERSION = YES;
				CLANG_WARN_OBJC_IMPLICIT_RETAIN_SELF = YES;
				CLANG_WARN_OBJC_LITERAL_CONVERSION = YES;
				CLANG_WARN_OBJC_ROOT_CLASS = YES_ERROR;
				CLANG_WARN_RANGE_LOOP_ANALYSIS = YES;
				CLANG_WARN_STRICT_PROTOTYPES = YES;
				CLANG_WARN_SUSPICIOUS_MOVE = YES;
				CLANG_WARN_UNGUARDED_AVAILABILITY = YES_AGGRESSIVE;
				CLANG_WARN_UNREACHABLE_CODE = YES;
				CLANG_WARN__DUPLICATE_METHOD_MATCH = YES;
				CODE_SIGN_IDENTITY = "iPhone Developer";
				COPY_PHASE_STRIP = NO;
				DEBUG_INFORMATION_FORMAT = dwarf;
				ENABLE_STRICT_OBJC_MSGSEND = YES;
				ENABLE_TESTABILITY = YES;
				GCC_C_LANGUAGE_STANDARD = gnu11;
				GCC_DYNAMIC_NO_PIC = NO;
				GCC_NO_COMMON_BLOCKS = YES;
				GCC_OPTIMIZATION_LEVEL = 0;
				GCC_PREPROCESSOR_DEFINITIONS = (
					"DEBUG=1",
					"$(inherited)",
				);
				GCC_WARN_64_TO_32_BIT_CONVERSION = YES;
				GCC_WARN_ABOUT_RETURN_TYPE = YES_ERROR;
				GCC_WARN_UNDECLARED_SELECTOR = YES;
				GCC_WARN_UNINITIALIZED_AUTOS = YES_AGGRESSIVE;
				GCC_WARN_UNUSED_FUNCTION = YES;
				GCC_WARN_UNUSED_VARIABLE = YES;
				IPHONEOS_DEPLOYMENT_TARGET = 12.1;
				MTL_ENABLE_DEBUG_INFO = INCLUDE_SOURCE;
				MTL_FAST_MATH = YES;
				ONLY_ACTIVE_ARCH = YES;
				SDKROOT = iphoneos;
				SWIFT_ACTIVE_COMPILATION_CONDITIONS = DEBUG;
				SWIFT_OPTIMIZATION_LEVEL = "-Onone";
			};
			name = Debug;
		};
		840F97EA228698C20007DA16 /* Release */ = {
			isa = XCBuildConfiguration;
			buildSettings = {
				ALWAYS_SEARCH_USER_PATHS = NO;
				CLANG_ANALYZER_NONNULL = YES;
				CLANG_ANALYZER_NUMBER_OBJECT_CONVERSION = YES_AGGRESSIVE;
				CLANG_CXX_LANGUAGE_STANDARD = "gnu++14";
				CLANG_CXX_LIBRARY = "libc++";
				CLANG_ENABLE_MODULES = YES;
				CLANG_ENABLE_OBJC_ARC = YES;
				CLANG_ENABLE_OBJC_WEAK = YES;
				CLANG_WARN_BLOCK_CAPTURE_AUTORELEASING = YES;
				CLANG_WARN_BOOL_CONVERSION = YES;
				CLANG_WARN_COMMA = YES;
				CLANG_WARN_CONSTANT_CONVERSION = YES;
				CLANG_WARN_DEPRECATED_OBJC_IMPLEMENTATIONS = YES;
				CLANG_WARN_DIRECT_OBJC_ISA_USAGE = YES_ERROR;
				CLANG_WARN_DOCUMENTATION_COMMENTS = YES;
				CLANG_WARN_EMPTY_BODY = YES;
				CLANG_WARN_ENUM_CONVERSION = YES;
				CLANG_WARN_INFINITE_RECURSION = YES;
				CLANG_WARN_INT_CONVERSION = YES;
				CLANG_WARN_NON_LITERAL_NULL_CONVERSION = YES;
				CLANG_WARN_OBJC_IMPLICIT_RETAIN_SELF = YES;
				CLANG_WARN_OBJC_LITERAL_CONVERSION = YES;
				CLANG_WARN_OBJC_ROOT_CLASS = YES_ERROR;
				CLANG_WARN_RANGE_LOOP_ANALYSIS = YES;
				CLANG_WARN_STRICT_PROTOTYPES = YES;
				CLANG_WARN_SUSPICIOUS_MOVE = YES;
				CLANG_WARN_UNGUARDED_AVAILABILITY = YES_AGGRESSIVE;
				CLANG_WARN_UNREACHABLE_CODE = YES;
				CLANG_WARN__DUPLICATE_METHOD_MATCH = YES;
				CODE_SIGN_IDENTITY = "iPhone Developer";
				COPY_PHASE_STRIP = NO;
				DEBUG_INFORMATION_FORMAT = "dwarf-with-dsym";
				ENABLE_NS_ASSERTIONS = NO;
				ENABLE_STRICT_OBJC_MSGSEND = YES;
				GCC_C_LANGUAGE_STANDARD = gnu11;
				GCC_NO_COMMON_BLOCKS = YES;
				GCC_WARN_64_TO_32_BIT_CONVERSION = YES;
				GCC_WARN_ABOUT_RETURN_TYPE = YES_ERROR;
				GCC_WARN_UNDECLARED_SELECTOR = YES;
				GCC_WARN_UNINITIALIZED_AUTOS = YES_AGGRESSIVE;
				GCC_WARN_UNUSED_FUNCTION = YES;
				GCC_WARN_UNUSED_VARIABLE = YES;
				IPHONEOS_DEPLOYMENT_TARGET = 12.1;
				MTL_ENABLE_DEBUG_INFO = NO;
				MTL_FAST_MATH = YES;
				SDKROOT = iphoneos;
				SWIFT_COMPILATION_MODE = wholemodule;
				SWIFT_OPTIMIZATION_LEVEL = "-O";
				VALIDATE_PRODUCT = YES;
			};
			name = Release;
		};
		840F97EC228698C20007DA16 /* Debug */ = {
			isa = XCBuildConfiguration;
			baseConfigurationReference = 32665A1078D3DFB5D7597B70 /* Pods-GitHub.debug.xcconfig */;
			buildSettings = {
				ASSETCATALOG_COMPILER_APPICON_NAME = AppIcon;
				CODE_SIGN_STYLE = Automatic;
				DEVELOPMENT_TEAM = L2AF9H77N3;
				INFOPLIST_FILE = GitHub/Info.plist;
				LD_RUNPATH_SEARCH_PATHS = (
					"$(inherited)",
					"@executable_path/Frameworks",
				);
				PRODUCT_BUNDLE_IDENTIFIER = brainplow.GitHub;
				PRODUCT_NAME = "$(TARGET_NAME)";
				SWIFT_VERSION = 4.2;
				TARGETED_DEVICE_FAMILY = "1,2";
			};
			name = Debug;
		};
		840F97ED228698C20007DA16 /* Release */ = {
			isa = XCBuildConfiguration;
			baseConfigurationReference = 696841B1E2761D179064954C /* Pods-GitHub.release.xcconfig */;
			buildSettings = {
				ASSETCATALOG_COMPILER_APPICON_NAME = AppIcon;
				CODE_SIGN_STYLE = Automatic;
				DEVELOPMENT_TEAM = L2AF9H77N3;
				INFOPLIST_FILE = GitHub/Info.plist;
				LD_RUNPATH_SEARCH_PATHS = (
					"$(inherited)",
					"@executable_path/Frameworks",
				);
				PRODUCT_BUNDLE_IDENTIFIER = brainplow.GitHub;
				PRODUCT_NAME = "$(TARGET_NAME)";
				SWIFT_VERSION = 4.2;
				TARGETED_DEVICE_FAMILY = "1,2";
			};
			name = Release;
		};
		840F97EF228698C20007DA16 /* Debug */ = {
			isa = XCBuildConfiguration;
			buildSettings = {
				ALWAYS_EMBED_SWIFT_STANDARD_LIBRARIES = YES;
				BUNDLE_LOADER = "$(TEST_HOST)";
				CODE_SIGN_STYLE = Automatic;
				INFOPLIST_FILE = GitHubTests/Info.plist;
				LD_RUNPATH_SEARCH_PATHS = (
					"$(inherited)",
					"@executable_path/Frameworks",
					"@loader_path/Frameworks",
				);
				PRODUCT_BUNDLE_IDENTIFIER = brainplow.GitHubTests;
				PRODUCT_NAME = "$(TARGET_NAME)";
				SWIFT_VERSION = 4.2;
				TARGETED_DEVICE_FAMILY = "1,2";
				TEST_HOST = "$(BUILT_PRODUCTS_DIR)/GitHub.app/GitHub";
			};
			name = Debug;
		};
		840F97F0228698C20007DA16 /* Release */ = {
			isa = XCBuildConfiguration;
			buildSettings = {
				ALWAYS_EMBED_SWIFT_STANDARD_LIBRARIES = YES;
				BUNDLE_LOADER = "$(TEST_HOST)";
				CODE_SIGN_STYLE = Automatic;
				INFOPLIST_FILE = GitHubTests/Info.plist;
				LD_RUNPATH_SEARCH_PATHS = (
					"$(inherited)",
					"@executable_path/Frameworks",
					"@loader_path/Frameworks",
				);
				PRODUCT_BUNDLE_IDENTIFIER = brainplow.GitHubTests;
				PRODUCT_NAME = "$(TARGET_NAME)";
				SWIFT_VERSION = 4.2;
				TARGETED_DEVICE_FAMILY = "1,2";
				TEST_HOST = "$(BUILT_PRODUCTS_DIR)/GitHub.app/GitHub";
			};
			name = Release;
		};
		840F97F2228698C20007DA16 /* Debug */ = {
			isa = XCBuildConfiguration;
			buildSettings = {
				ALWAYS_EMBED_SWIFT_STANDARD_LIBRARIES = YES;
				CODE_SIGN_STYLE = Automatic;
				INFOPLIST_FILE = GitHubUITests/Info.plist;
				LD_RUNPATH_SEARCH_PATHS = (
					"$(inherited)",
					"@executable_path/Frameworks",
					"@loader_path/Frameworks",
				);
				PRODUCT_BUNDLE_IDENTIFIER = brainplow.GitHubUITests;
				PRODUCT_NAME = "$(TARGET_NAME)";
				SWIFT_VERSION = 4.2;
				TARGETED_DEVICE_FAMILY = "1,2";
				TEST_TARGET_NAME = GitHub;
			};
			name = Debug;
		};
		840F97F3228698C20007DA16 /* Release */ = {
			isa = XCBuildConfiguration;
			buildSettings = {
				ALWAYS_EMBED_SWIFT_STANDARD_LIBRARIES = YES;
				CODE_SIGN_STYLE = Automatic;
				INFOPLIST_FILE = GitHubUITests/Info.plist;
				LD_RUNPATH_SEARCH_PATHS = (
					"$(inherited)",
					"@executable_path/Frameworks",
					"@loader_path/Frameworks",
				);
				PRODUCT_BUNDLE_IDENTIFIER = brainplow.GitHubUITests;
				PRODUCT_NAME = "$(TARGET_NAME)";
				SWIFT_VERSION = 4.2;
				TARGETED_DEVICE_FAMILY = "1,2";
				TEST_TARGET_NAME = GitHub;
			};
			name = Release;
		};
/* End XCBuildConfiguration section */

/* Begin XCConfigurationList section */
		840F97BE228698BF0007DA16 /* Build configuration list for PBXProject "GitHub" */ = {
			isa = XCConfigurationList;
			buildConfigurations = (
				840F97E9228698C20007DA16 /* Debug */,
				840F97EA228698C20007DA16 /* Release */,
			);
			defaultConfigurationIsVisible = 0;
			defaultConfigurationName = Release;
		};
		840F97EB228698C20007DA16 /* Build configuration list for PBXNativeTarget "GitHub" */ = {
			isa = XCConfigurationList;
			buildConfigurations = (
				840F97EC228698C20007DA16 /* Debug */,
				840F97ED228698C20007DA16 /* Release */,
			);
			defaultConfigurationIsVisible = 0;
			defaultConfigurationName = Release;
		};
		840F97EE228698C20007DA16 /* Build configuration list for PBXNativeTarget "GitHubTests" */ = {
			isa = XCConfigurationList;
			buildConfigurations = (
				840F97EF228698C20007DA16 /* Debug */,
				840F97F0228698C20007DA16 /* Release */,
			);
			defaultConfigurationIsVisible = 0;
			defaultConfigurationName = Release;
		};
		840F97F1228698C20007DA16 /* Build configuration list for PBXNativeTarget "GitHubUITests" */ = {
			isa = XCConfigurationList;
			buildConfigurations = (
				840F97F2228698C20007DA16 /* Debug */,
				840F97F3228698C20007DA16 /* Release */,
			);
			defaultConfigurationIsVisible = 0;
			defaultConfigurationName = Release;
		};
/* End XCConfigurationList section */
	};
	rootObject = 840F97BB228698BF0007DA16 /* Project object */;
}
